// !$*UTF8*$!
{
	archiveVersion = 1;
	classes = {
	};
	objectVersion = 56;
	objects = {

/* Begin PBXBuildFile section */
		E0AFD8332B3C403F00277705 /* JoemamaApp.swift in Sources */ = {isa = PBXBuildFile; fileRef = E0AFD8322B3C403F00277705 /* JoemamaApp.swift */; };
		E0AFD8352B3C403F00277705 /* ContentView.swift in Sources */ = {isa = PBXBuildFile; fileRef = E0AFD8342B3C403F00277705 /* ContentView.swift */; };
		E0AFD8372B3C404000277705 /* Assets.xcassets in Resources */ = {isa = PBXBuildFile; fileRef = E0AFD8362B3C404000277705 /* Assets.xcassets */; };
		E0AFD83A2B3C404000277705 /* Preview Assets.xcassets in Resources */ = {isa = PBXBuildFile; fileRef = E0AFD8392B3C404000277705 /* Preview Assets.xcassets */; };
		E0AFD8442B3C404000277705 /* JoemamaTests.swift in Sources */ = {isa = PBXBuildFile; fileRef = E0AFD8432B3C404000277705 /* JoemamaTests.swift */; };
		E0AFD84E2B3C404000277705 /* JoemamaUITests.swift in Sources */ = {isa = PBXBuildFile; fileRef = E0AFD84D2B3C404000277705 /* JoemamaUITests.swift */; };
		E0AFD8502B3C404000277705 /* JoemamaUITestsLaunchTests.swift in Sources */ = {isa = PBXBuildFile; fileRef = E0AFD84F2B3C404000277705 /* JoemamaUITestsLaunchTests.swift */; };
/* End PBXBuildFile section */

/* Begin PBXContainerItemProxy section */
		E0AFD8402B3C404000277705 /* PBXContainerItemProxy */ = {
			isa = PBXContainerItemProxy;
			containerPortal = E0AFD8272B3C403F00277705 /* Project object */;
			proxyType = 1;
			remoteGlobalIDString = E0AFD82E2B3C403F00277705;
			remoteInfo = Joemama;
		};
		E0AFD84A2B3C404000277705 /* PBXContainerItemProxy */ = {
			isa = PBXContainerItemProxy;
			containerPortal = E0AFD8272B3C403F00277705 /* Project object */;
			proxyType = 1;
			remoteGlobalIDString = E0AFD82E2B3C403F00277705;
			remoteInfo = Joemama;
		};
/* End PBXContainerItemProxy section */

/* Begin PBXFileReference section */
		E0AFD82F2B3C403F00277705 /* Joemama.app */ = {isa = PBXFileReference; explicitFileType = wrapper.application; includeInIndex = 0; path = Joemama.app; sourceTree = BUILT_PRODUCTS_DIR; };
		E0AFD8322B3C403F00277705 /* JoemamaApp.swift */ = {isa = PBXFileReference; lastKnownFileType = sourcecode.swift; path = JoemamaApp.swift; sourceTree = "<group>"; };
		E0AFD8342B3C403F00277705 /* ContentView.swift */ = {isa = PBXFileReference; lastKnownFileType = sourcecode.swift; path = ContentView.swift; sourceTree = "<group>"; };
		E0AFD8362B3C404000277705 /* Assets.xcassets */ = {isa = PBXFileReference; lastKnownFileType = folder.assetcatalog; path = Assets.xcassets; sourceTree = "<group>"; };
		E0AFD8392B3C404000277705 /* Preview Assets.xcassets */ = {isa = PBXFileReference; lastKnownFileType = folder.assetcatalog; path = "Preview Assets.xcassets"; sourceTree = "<group>"; };
		E0AFD83F2B3C404000277705 /* JoemamaTests.xctest */ = {isa = PBXFileReference; explicitFileType = wrapper.cfbundle; includeInIndex = 0; path = JoemamaTests.xctest; sourceTree = BUILT_PRODUCTS_DIR; };
		E0AFD8432B3C404000277705 /* JoemamaTests.swift */ = {isa = PBXFileReference; lastKnownFileType = sourcecode.swift; path = JoemamaTests.swift; sourceTree = "<group>"; };
		E0AFD8492B3C404000277705 /* JoemamaUITests.xctest */ = {isa = PBXFileReference; explicitFileType = wrapper.cfbundle; includeInIndex = 0; path = JoemamaUITests.xctest; sourceTree = BUILT_PRODUCTS_DIR; };
		E0AFD84D2B3C404000277705 /* JoemamaUITests.swift */ = {isa = PBXFileReference; lastKnownFileType = sourcecode.swift; path = JoemamaUITests.swift; sourceTree = "<group>"; };
		E0AFD84F2B3C404000277705 /* JoemamaUITestsLaunchTests.swift */ = {isa = PBXFileReference; lastKnownFileType = sourcecode.swift; path = JoemamaUITestsLaunchTests.swift; sourceTree = "<group>"; };
/* End PBXFileReference section */

/* Begin PBXFrameworksBuildPhase section */
		E0AFD82C2B3C403F00277705 /* Frameworks */ = {
			isa = PBXFrameworksBuildPhase;
			buildActionMask = 2147483647;
			files = (
			);
			runOnlyForDeploymentPostprocessing = 0;
		};
		E0AFD83C2B3C404000277705 /* Frameworks */ = {
			isa = PBXFrameworksBuildPhase;
			buildActionMask = 2147483647;
			files = (
			);
			runOnlyForDeploymentPostprocessing = 0;
		};
		E0AFD8462B3C404000277705 /* Frameworks */ = {
			isa = PBXFrameworksBuildPhase;
			buildActionMask = 2147483647;
			files = (
			);
			runOnlyForDeploymentPostprocessing = 0;
		};
/* End PBXFrameworksBuildPhase section */

/* Begin PBXGroup section */
		E0AFD8262B3C403F00277705 = {
			isa = PBXGroup;
			children = (
				E0AFD8312B3C403F00277705 /* Joemama */,
				E0AFD8422B3C404000277705 /* JoemamaTests */,
				E0AFD84C2B3C404000277705 /* JoemamaUITests */,
				E0AFD8302B3C403F00277705 /* Products */,
			);
			sourceTree = "<group>";
		};
		E0AFD8302B3C403F00277705 /* Products */ = {
			isa = PBXGroup;
			children = (
				E0AFD82F2B3C403F00277705 /* Joemama.app */,
				E0AFD83F2B3C404000277705 /* JoemamaTests.xctest */,
				E0AFD8492B3C404000277705 /* JoemamaUITests.xctest */,
			);
			name = Products;
			sourceTree = "<group>";
		};
		E0AFD8312B3C403F00277705 /* Joemama */ = {
			isa = PBXGroup;
			children = (
				E0AFD8322B3C403F00277705 /* JoemamaApp.swift */,
				E0AFD8342B3C403F00277705 /* ContentView.swift */,
				E0AFD8362B3C404000277705 /* Assets.xcassets */,
				E0AFD8382B3C404000277705 /* Preview Content */,
			);
			path = Joemama;
			sourceTree = "<group>";
		};
		E0AFD8382B3C404000277705 /* Preview Content */ = {
			isa = PBXGroup;
			children = (
				E0AFD8392B3C404000277705 /* Preview Assets.xcassets */,
			);
			path = "Preview Content";
			sourceTree = "<group>";
		};
		E0AFD8422B3C404000277705 /* JoemamaTests */ = {
			isa = PBXGroup;
			children = (
				E0AFD8432B3C404000277705 /* JoemamaTests.swift */,
			);
			path = JoemamaTests;
			sourceTree = "<group>";
		};
		E0AFD84C2B3C404000277705 /* JoemamaUITests */ = {
			isa = PBXGroup;
			children = (
				E0AFD84D2B3C404000277705 /* JoemamaUITests.swift */,
				E0AFD84F2B3C404000277705 /* JoemamaUITestsLaunchTests.swift */,
			);
			path = JoemamaUITests;
			sourceTree = "<group>";
		};
/* End PBXGroup section */

/* Begin PBXNativeTarget section */
		E0AFD82E2B3C403F00277705 /* Joemama */ = {
			isa = PBXNativeTarget;
			buildConfigurationList = E0AFD8532B3C404000277705 /* Build configuration list for PBXNativeTarget "Joemama" */;
			buildPhases = (
				E0AFD82B2B3C403F00277705 /* Sources */,
				E0AFD82C2B3C403F00277705 /* Frameworks */,
				E0AFD82D2B3C403F00277705 /* Resources */,
			);
			buildRules = (
			);
			dependencies = (
			);
			name = Joemama;
			productName = Joemama;
			productReference = E0AFD82F2B3C403F00277705 /* Joemama.app */;
			productType = "com.apple.product-type.application";
		};
		E0AFD83E2B3C404000277705 /* JoemamaTests */ = {
			isa = PBXNativeTarget;
			buildConfigurationList = E0AFD8562B3C404000277705 /* Build configuration list for PBXNativeTarget "JoemamaTests" */;
			buildPhases = (
				E0AFD83B2B3C404000277705 /* Sources */,
				E0AFD83C2B3C404000277705 /* Frameworks */,
				E0AFD83D2B3C404000277705 /* Resources */,
			);
			buildRules = (
			);
			dependencies = (
				E0AFD8412B3C404000277705 /* PBXTargetDependency */,
			);
			name = JoemamaTests;
			productName = JoemamaTests;
			productReference = E0AFD83F2B3C404000277705 /* JoemamaTests.xctest */;
			productType = "com.apple.product-type.bundle.unit-test";
		};
		E0AFD8482B3C404000277705 /* JoemamaUITests */ = {
			isa = PBXNativeTarget;
			buildConfigurationList = E0AFD8592B3C404000277705 /* Build configuration list for PBXNativeTarget "JoemamaUITests" */;
			buildPhases = (
				E0AFD8452B3C404000277705 /* Sources */,
				E0AFD8462B3C404000277705 /* Frameworks */,
				E0AFD8472B3C404000277705 /* Resources */,
			);
			buildRules = (
			);
			dependencies = (
				E0AFD84B2B3C404000277705 /* PBXTargetDependency */,
			);
			name = JoemamaUITests;
			productName = JoemamaUITests;
			productReference = E0AFD8492B3C404000277705 /* JoemamaUITests.xctest */;
			productType = "com.apple.product-type.bundle.ui-testing";
		};
/* End PBXNativeTarget section */

/* Begin PBXProject section */
		E0AFD8272B3C403F00277705 /* Project object */ = {
			isa = PBXProject;
			attributes = {
				BuildIndependentTargetsInParallel = 1;
				LastSwiftUpdateCheck = 1510;
				LastUpgradeCheck = 1510;
				TargetAttributes = {
					E0AFD82E2B3C403F00277705 = {
						CreatedOnToolsVersion = 15.1;
					};
					E0AFD83E2B3C404000277705 = {
						CreatedOnToolsVersion = 15.1;
						TestTargetID = E0AFD82E2B3C403F00277705;
					};
					E0AFD8482B3C404000277705 = {
						CreatedOnToolsVersion = 15.1;
						TestTargetID = E0AFD82E2B3C403F00277705;
					};
				};
			};
			buildConfigurationList = E0AFD82A2B3C403F00277705 /* Build configuration list for PBXProject "Joemama" */;
			compatibilityVersion = "Xcode 14.0";
			developmentRegion = en;
			hasScannedForEncodings = 0;
			knownRegions = (
				en,
				Base,
			);
			mainGroup = E0AFD8262B3C403F00277705;
			productRefGroup = E0AFD8302B3C403F00277705 /* Products */;
			projectDirPath = "";
			projectRoot = "";
			targets = (
				E0AFD82E2B3C403F00277705 /* Joemama */,
				E0AFD83E2B3C404000277705 /* JoemamaTests */,
				E0AFD8482B3C404000277705 /* JoemamaUITests */,
			);
		};
/* End PBXProject section */

/* Begin PBXResourcesBuildPhase section */
		E0AFD82D2B3C403F00277705 /* Resources */ = {
			isa = PBXResourcesBuildPhase;
			buildActionMask = 2147483647;
			files = (
				E0AFD83A2B3C404000277705 /* Preview Assets.xcassets in Resources */,
				E0AFD8372B3C404000277705 /* Assets.xcassets in Resources */,
			);
			runOnlyForDeploymentPostprocessing = 0;
		};
		E0AFD83D2B3C404000277705 /* Resources */ = {
			isa = PBXResourcesBuildPhase;
			buildActionMask = 2147483647;
			files = (
			);
			runOnlyForDeploymentPostprocessing = 0;
		};
		E0AFD8472B3C404000277705 /* Resources */ = {
			isa = PBXResourcesBuildPhase;
			buildActionMask = 2147483647;
			files = (
			);
			runOnlyForDeploymentPostprocessing = 0;
		};
/* End PBXResourcesBuildPhase section */

/* Begin PBXSourcesBuildPhase section */
		E0AFD82B2B3C403F00277705 /* Sources */ = {
			isa = PBXSourcesBuildPhase;
			buildActionMask = 2147483647;
			files = (
				E0AFD8352B3C403F00277705 /* ContentView.swift in Sources */,
				E0AFD8332B3C403F00277705 /* JoemamaApp.swift in Sources */,
			);
			runOnlyForDeploymentPostprocessing = 0;
		};
		E0AFD83B2B3C404000277705 /* Sources */ = {
			isa = PBXSourcesBuildPhase;
			buildActionMask = 2147483647;
			files = (
				E0AFD8442B3C404000277705 /* JoemamaTests.swift in Sources */,
			);
			runOnlyForDeploymentPostprocessing = 0;
		};
		E0AFD8452B3C404000277705 /* Sources */ = {
			isa = PBXSourcesBuildPhase;
			buildActionMask = 2147483647;
			files = (
				E0AFD84E2B3C404000277705 /* JoemamaUITests.swift in Sources */,
				E0AFD8502B3C404000277705 /* JoemamaUITestsLaunchTests.swift in Sources */,
			);
			runOnlyForDeploymentPostprocessing = 0;
		};
/* End PBXSourcesBuildPhase section */

/* Begin PBXTargetDependency section */
		E0AFD8412B3C404000277705 /* PBXTargetDependency */ = {
			isa = PBXTargetDependency;
			target = E0AFD82E2B3C403F00277705 /* Joemama */;
			targetProxy = E0AFD8402B3C404000277705 /* PBXContainerItemProxy */;
		};
		E0AFD84B2B3C404000277705 /* PBXTargetDependency */ = {
			isa = PBXTargetDependency;
			target = E0AFD82E2B3C403F00277705 /* Joemama */;
			targetProxy = E0AFD84A2B3C404000277705 /* PBXContainerItemProxy */;
		};
/* End PBXTargetDependency section */

/* Begin XCBuildConfiguration section */
		E0AFD8512B3C404000277705 /* Debug */ = {
			isa = XCBuildConfiguration;
			buildSettings = {
				ALWAYS_SEARCH_USER_PATHS = NO;
				ASSETCATALOG_COMPILER_GENERATE_SWIFT_ASSET_SYMBOL_EXTENSIONS = YES;
				CLANG_ANALYZER_NONNULL = YES;
				CLANG_ANALYZER_NUMBER_OBJECT_CONVERSION = YES_AGGRESSIVE;
				CLANG_CXX_LANGUAGE_STANDARD = "gnu++20";
				CLANG_ENABLE_MODULES = YES;
				CLANG_ENABLE_OBJC_ARC = YES;
				CLANG_ENABLE_OBJC_WEAK = YES;
				CLANG_WARN_BLOCK_CAPTURE_AUTORELEASING = YES;
				CLANG_WARN_BOOL_CONVERSION = YES;
				CLANG_WARN_COMMA = YES;
				CLANG_WARN_CONSTANT_CONVERSION = YES;
				CLANG_WARN_DEPRECATED_OBJC_IMPLEMENTATIONS = YES;
				CLANG_WARN_DIRECT_OBJC_ISA_USAGE = YES_ERROR;
				CLANG_WARN_DOCUMENTATION_COMMENTS = YES;
				CLANG_WARN_EMPTY_BODY = YES;
				CLANG_WARN_ENUM_CONVERSION = YES;
				CLANG_WARN_INFINITE_RECURSION = YES;
				CLANG_WARN_INT_CONVERSION = YES;
				CLANG_WARN_NON_LITERAL_NULL_CONVERSION = YES;
				CLANG_WARN_OBJC_IMPLICIT_RETAIN_SELF = YES;
				CLANG_WARN_OBJC_LITERAL_CONVERSION = YES;
				CLANG_WARN_OBJC_ROOT_CLASS = YES_ERROR;
				CLANG_WARN_QUOTED_INCLUDE_IN_FRAMEWORK_HEADER = YES;
				CLANG_WARN_RANGE_LOOP_ANALYSIS = YES;
				CLANG_WARN_STRICT_PROTOTYPES = YES;
				CLANG_WARN_SUSPICIOUS_MOVE = YES;
				CLANG_WARN_UNGUARDED_AVAILABILITY = YES_AGGRESSIVE;
				CLANG_WARN_UNREACHABLE_CODE = YES;
				CLANG_WARN__DUPLICATE_METHOD_MATCH = YES;
				COPY_PHASE_STRIP = NO;
				DEBUG_INFORMATION_FORMAT = dwarf;
				ENABLE_STRICT_OBJC_MSGSEND = YES;
				ENABLE_TESTABILITY = YES;
				ENABLE_USER_SCRIPT_SANDBOXING = YES;
				GCC_C_LANGUAGE_STANDARD = gnu17;
				GCC_DYNAMIC_NO_PIC = NO;
				GCC_NO_COMMON_BLOCKS = YES;
				GCC_OPTIMIZATION_LEVEL = 0;
				GCC_PREPROCESSOR_DEFINITIONS = (
					"DEBUG=1",
					"$(inherited)",
				);
				GCC_WARN_64_TO_32_BIT_CONVERSION = YES;
				GCC_WARN_ABOUT_RETURN_TYPE = YES_ERROR;
				GCC_WARN_UNDECLARED_SELECTOR = YES;
				GCC_WARN_UNINITIALIZED_AUTOS = YES_AGGRESSIVE;
				GCC_WARN_UNUSED_FUNCTION = YES;
				GCC_WARN_UNUSED_VARIABLE = YES;
				IPHONEOS_DEPLOYMENT_TARGET = 17.2;
				LOCALIZATION_PREFERS_STRING_CATALOGS = YES;
				MTL_ENABLE_DEBUG_INFO = INCLUDE_SOURCE;
				MTL_FAST_MATH = YES;
				ONLY_ACTIVE_ARCH = YES;
				SDKROOT = iphoneos;
				SWIFT_ACTIVE_COMPILATION_CONDITIONS = "DEBUG $(inherited)";
				SWIFT_OPTIMIZATION_LEVEL = "-Onone";
			};
			name = Debug;
		};
		E0AFD8522B3C404000277705 /* Release */ = {
			isa = XCBuildConfiguration;
			buildSettings = {
				ALWAYS_SEARCH_USER_PATHS = NO;
				ASSETCATALOG_COMPILER_GENERATE_SWIFT_ASSET_SYMBOL_EXTENSIONS = YES;
				CLANG_ANALYZER_NONNULL = YES;
				CLANG_ANALYZER_NUMBER_OBJECT_CONVERSION = YES_AGGRESSIVE;
				CLANG_CXX_LANGUAGE_STANDARD = "gnu++20";
				CLANG_ENABLE_MODULES = YES;
				CLANG_ENABLE_OBJC_ARC = YES;
				CLANG_ENABLE_OBJC_WEAK = YES;
				CLANG_WARN_BLOCK_CAPTURE_AUTORELEASING = YES;
				CLANG_WARN_BOOL_CONVERSION = YES;
				CLANG_WARN_COMMA = YES;
				CLANG_WARN_CONSTANT_CONVERSION = YES;
				CLANG_WARN_DEPRECATED_OBJC_IMPLEMENTATIONS = YES;
				CLANG_WARN_DIRECT_OBJC_ISA_USAGE = YES_ERROR;
				CLANG_WARN_DOCUMENTATION_COMMENTS = YES;
				CLANG_WARN_EMPTY_BODY = YES;
				CLANG_WARN_ENUM_CONVERSION = YES;
				CLANG_WARN_INFINITE_RECURSION = YES;
				CLANG_WARN_INT_CONVERSION = YES;
				CLANG_WARN_NON_LITERAL_NULL_CONVERSION = YES;
				CLANG_WARN_OBJC_IMPLICIT_RETAIN_SELF = YES;
				CLANG_WARN_OBJC_LITERAL_CONVERSION = YES;
				CLANG_WARN_OBJC_ROOT_CLASS = YES_ERROR;
				CLANG_WARN_QUOTED_INCLUDE_IN_FRAMEWORK_HEADER = YES;
				CLANG_WARN_RANGE_LOOP_ANALYSIS = YES;
				CLANG_WARN_STRICT_PROTOTYPES = YES;
				CLANG_WARN_SUSPICIOUS_MOVE = YES;
				CLANG_WARN_UNGUARDED_AVAILABILITY = YES_AGGRESSIVE;
				CLANG_WARN_UNREACHABLE_CODE = YES;
				CLANG_WARN__DUPLICATE_METHOD_MATCH = YES;
				COPY_PHASE_STRIP = NO;
				DEBUG_INFORMATION_FORMAT = "dwarf-with-dsym";
				ENABLE_NS_ASSERTIONS = NO;
				ENABLE_STRICT_OBJC_MSGSEND = YES;
				ENABLE_USER_SCRIPT_SANDBOXING = YES;
				GCC_C_LANGUAGE_STANDARD = gnu17;
				GCC_NO_COMMON_BLOCKS = YES;
				GCC_WARN_64_TO_32_BIT_CONVERSION = YES;
				GCC_WARN_ABOUT_RETURN_TYPE = YES_ERROR;
				GCC_WARN_UNDECLARED_SELECTOR = YES;
				GCC_WARN_UNINITIALIZED_AUTOS = YES_AGGRESSIVE;
				GCC_WARN_UNUSED_FUNCTION = YES;
				GCC_WARN_UNUSED_VARIABLE = YES;
				IPHONEOS_DEPLOYMENT_TARGET = 17.2;
				LOCALIZATION_PREFERS_STRING_CATALOGS = YES;
				MTL_ENABLE_DEBUG_INFO = NO;
				MTL_FAST_MATH = YES;
				SDKROOT = iphoneos;
				SWIFT_COMPILATION_MODE = wholemodule;
				VALIDATE_PRODUCT = YES;
			};
			name = Release;
		};
		E0AFD8542B3C404000277705 /* Debug */ = {
			isa = XCBuildConfiguration;
			buildSettings = {
				ASSETCATALOG_COMPILER_APPICON_NAME = AppIcon;
				ASSETCATALOG_COMPILER_GLOBAL_ACCENT_COLOR_NAME = AccentColor;
				CODE_SIGN_STYLE = Automatic;
				CURRENT_PROJECT_VERSION = 1;
				DEVELOPMENT_ASSET_PATHS = "\"Joemama/Preview Content\"";
				ENABLE_PREVIEWS = YES;
				GENERATE_INFOPLIST_FILE = YES;
				INFOPLIST_KEY_UIApplicationSceneManifest_Generation = YES;
				INFOPLIST_KEY_UIApplicationSupportsIndirectInputEvents = YES;
				INFOPLIST_KEY_UILaunchScreen_Generation = YES;
				INFOPLIST_KEY_UISupportedInterfaceOrientations_iPad = "UIInterfaceOrientationPortrait UIInterfaceOrientationPortraitUpsideDown UIInterfaceOrientationLandscapeLeft UIInterfaceOrientationLandscapeRight";
				INFOPLIST_KEY_UISupportedInterfaceOrientations_iPhone = "UIInterfaceOrientationPortrait UIInterfaceOrientationLandscapeLeft UIInterfaceOrientationLandscapeRight";
				LD_RUNPATH_SEARCH_PATHS = (
					"$(inherited)",
					"@executable_path/Frameworks",
				);
				MARKETING_VERSION = 1.0;
				PRODUCT_BUNDLE_IDENTIFIER = s.Joemama;
				PRODUCT_NAME = "$(TARGET_NAME)";
				SWIFT_EMIT_LOC_STRINGS = YES;
				SWIFT_VERSION = 5.0;
				TARGETED_DEVICE_FAMILY = "1,2";
			};
			name = Debug;
		};
		E0AFD8552B3C404000277705 /* Release */ = {
			isa = XCBuildConfiguration;
			buildSettings = {
				ASSETCATALOG_COMPILER_APPICON_NAME = AppIcon;
				ASSETCATALOG_COMPILER_GLOBAL_ACCENT_COLOR_NAME = AccentColor;
				CODE_SIGN_STYLE = Automatic;
				CURRENT_PROJECT_VERSION = 1;
				DEVELOPMENT_ASSET_PATHS = "\"Joemama/Preview Content\"";
				ENABLE_PREVIEWS = YES;
				GENERATE_INFOPLIST_FILE = YES;
				INFOPLIST_KEY_UIApplicationSceneManifest_Generation = YES;
				INFOPLIST_KEY_UIApplicationSupportsIndirectInputEvents = YES;
				INFOPLIST_KEY_UILaunchScreen_Generation = YES;
				INFOPLIST_KEY_UISupportedInterfaceOrientations_iPad = "UIInterfaceOrientationPortrait UIInterfaceOrientationPortraitUpsideDown UIInterfaceOrientationLandscapeLeft UIInterfaceOrientationLandscapeRight";
				INFOPLIST_KEY_UISupportedInterfaceOrientations_iPhone = "UIInterfaceOrientationPortrait UIInterfaceOrientationLandscapeLeft UIInterfaceOrientationLandscapeRight";
				LD_RUNPATH_SEARCH_PATHS = (
					"$(inherited)",
					"@executable_path/Frameworks",
				);
				MARKETING_VERSION = 1.0;
				PRODUCT_BUNDLE_IDENTIFIER = s.Joemama;
				PRODUCT_NAME = "$(TARGET_NAME)";
				SWIFT_EMIT_LOC_STRINGS = YES;
				SWIFT_VERSION = 5.0;
				TARGETED_DEVICE_FAMILY = "1,2";
			};
			name = Release;
		};
		E0AFD8572B3C404000277705 /* Debug */ = {
			isa = XCBuildConfiguration;
			buildSettings = {
				ALWAYS_EMBED_SWIFT_STANDARD_LIBRARIES = YES;
				BUNDLE_LOADER = "$(TEST_HOST)";
				CODE_SIGN_STYLE = Automatic;
				CURRENT_PROJECT_VERSION = 1;
				GENERATE_INFOPLIST_FILE = YES;
				IPHONEOS_DEPLOYMENT_TARGET = 17.2;
				MARKETING_VERSION = 1.0;
				PRODUCT_BUNDLE_IDENTIFIER = s.JoemamaTests;
				PRODUCT_NAME = "$(TARGET_NAME)";
				SWIFT_EMIT_LOC_STRINGS = NO;
				SWIFT_VERSION = 5.0;
				TARGETED_DEVICE_FAMILY = "1,2";
				TEST_HOST = "$(BUILT_PRODUCTS_DIR)/Joemama.app/$(BUNDLE_EXECUTABLE_FOLDER_PATH)/Joemama";
			};
			name = Debug;
		};
		E0AFD8582B3C404000277705 /* Release */ = {
			isa = XCBuildConfiguration;
			buildSettings = {
				ALWAYS_EMBED_SWIFT_STANDARD_LIBRARIES = YES;
				BUNDLE_LOADER = "$(TEST_HOST)";
				CODE_SIGN_STYLE = Automatic;
				CURRENT_PROJECT_VERSION = 1;
				GENERATE_INFOPLIST_FILE = YES;
				IPHONEOS_DEPLOYMENT_TARGET = 17.2;
				MARKETING_VERSION = 1.0;
				PRODUCT_BUNDLE_IDENTIFIER = s.JoemamaTests;
				PRODUCT_NAME = "$(TARGET_NAME)";
				SWIFT_EMIT_LOC_STRINGS = NO;
				SWIFT_VERSION = 5.0;
				TARGETED_DEVICE_FAMILY = "1,2";
				TEST_HOST = "$(BUILT_PRODUCTS_DIR)/Joemama.app/$(BUNDLE_EXECUTABLE_FOLDER_PATH)/Joemama";
			};
			name = Release;
		};
		E0AFD85A2B3C404000277705 /* Debug */ = {
			isa = XCBuildConfiguration;
			buildSettings = {
				ALWAYS_EMBED_SWIFT_STANDARD_LIBRARIES = YES;
				CODE_SIGN_STYLE = Automatic;
				CURRENT_PROJECT_VERSION = 1;
				GENERATE_INFOPLIST_FILE = YES;
				MARKETING_VERSION = 1.0;
				PRODUCT_BUNDLE_IDENTIFIER = s.JoemamaUITests;
				PRODUCT_NAME = "$(TARGET_NAME)";
				SWIFT_EMIT_LOC_STRINGS = NO;
				SWIFT_VERSION = 5.0;
				TARGETED_DEVICE_FAMILY = "1,2";
				TEST_TARGET_NAME = Joemama;
			};
			name = Debug;
		};
		E0AFD85B2B3C404000277705 /* Release */ = {
			isa = XCBuildConfiguration;
			buildSettings = {
				ALWAYS_EMBED_SWIFT_STANDARD_LIBRARIES = YES;
				CODE_SIGN_STYLE = Automatic;
				CURRENT_PROJECT_VERSION = 1;
				GENERATE_INFOPLIST_FILE = YES;
				MARKETING_VERSION = 1.0;
				PRODUCT_BUNDLE_IDENTIFIER = s.JoemamaUITests;
				PRODUCT_NAME = "$(TARGET_NAME)";
				SWIFT_EMIT_LOC_STRINGS = NO;
				SWIFT_VERSION = 5.0;
				TARGETED_DEVICE_FAMILY = "1,2";
				TEST_TARGET_NAME = Joemama;
			};
			name = Release;
		};
/* End XCBuildConfiguration section */

/* Begin XCConfigurationList section */
		E0AFD82A2B3C403F00277705 /* Build configuration list for PBXProject "Joemama" */ = {
			isa = XCConfigurationList;
			buildConfigurations = (
				E0AFD8512B3C404000277705 /* Debug */,
				E0AFD8522B3C404000277705 /* Release */,
			);
			defaultConfigurationIsVisible = 0;
			defaultConfigurationName = Release;
		};
		E0AFD8532B3C404000277705 /* Build configuration list for PBXNativeTarget "Joemama" */ = {
			isa = XCConfigurationList;
			buildConfigurations = (
				E0AFD8542B3C404000277705 /* Debug */,
				E0AFD8552B3C404000277705 /* Release */,
			);
			defaultConfigurationIsVisible = 0;
			defaultConfigurationName = Release;
		};
		E0AFD8562B3C404000277705 /* Build configuration list for PBXNativeTarget "JoemamaTests" */ = {
			isa = XCConfigurationList;
			buildConfigurations = (
				E0AFD8572B3C404000277705 /* Debug */,
				E0AFD8582B3C404000277705 /* Release */,
			);
			defaultConfigurationIsVisible = 0;
			defaultConfigurationName = Release;
		};
		E0AFD8592B3C404000277705 /* Build configuration list for PBXNativeTarget "JoemamaUITests" */ = {
			isa = XCConfigurationList;
			buildConfigurations = (
				E0AFD85A2B3C404000277705 /* Debug */,
				E0AFD85B2B3C404000277705 /* Release */,
			);
			defaultConfigurationIsVisible = 0;
			defaultConfigurationName = Release;
		};
/* End XCConfigurationList section */
	};
	rootObject = E0AFD8272B3C403F00277705 /* Project object */;
}
